// !$*UTF8*$!
{
	archiveVersion = 1;
	classes = {
	};
	objectVersion = 55;
	objects = {

/* Begin PBXBuildFile section */
		A343754E281C70700017AFEE /* imageView.c in Sources */ = {isa = PBXBuildFile; fileRef = A343754D281C70700017AFEE /* imageView.c */; };
		A3437552281EFD060017AFEE /* graphicsPipeline.c in Sources */ = {isa = PBXBuildFile; fileRef = A3437551281EFD060017AFEE /* graphicsPipeline.c */; };
		A35AB48B281B0A6A009FD10A /* swapChain.c in Sources */ = {isa = PBXBuildFile; fileRef = A35AB48A281B0A6A009FD10A /* swapChain.c */; };
		A3AF7034281AC8C800042155 /* instance.c in Sources */ = {isa = PBXBuildFile; fileRef = A3AF7033281AC8C800042155 /* instance.c */; };
		A3E359E42816EACE00D9780A /* main.c in Sources */ = {isa = PBXBuildFile; fileRef = A3E359E32816EACE00D9780A /* main.c */; };
		A3E359EC2816EB2E00D9780A /* libvulkan.1.dylib in Frameworks */ = {isa = PBXBuildFile; fileRef = A3E359EB2816EB2E00D9780A /* libvulkan.1.dylib */; };
		A3E359EE2816EB3000D9780A /* libvulkan.1.3.211.dylib in Frameworks */ = {isa = PBXBuildFile; fileRef = A3E359ED2816EB3000D9780A /* libvulkan.1.3.211.dylib */; };
		A3E359F02816EB5600D9780A /* libglfw.3.3.dylib in Frameworks */ = {isa = PBXBuildFile; fileRef = A3E359EF2816EB5600D9780A /* libglfw.3.3.dylib */; };
		A3E359F12816EB6000D9780A /* libglfw.3.3.dylib in CopyFiles */ = {isa = PBXBuildFile; fileRef = A3E359EF2816EB5600D9780A /* libglfw.3.3.dylib */; };
		A3E359F22816EB6000D9780A /* libvulkan.1.3.211.dylib in CopyFiles */ = {isa = PBXBuildFile; fileRef = A3E359ED2816EB3000D9780A /* libvulkan.1.3.211.dylib */; };
		A3E359F32816EB6000D9780A /* libvulkan.1.dylib in CopyFiles */ = {isa = PBXBuildFile; fileRef = A3E359EB2816EB2E00D9780A /* libvulkan.1.dylib */; };
		A3E35A082819744B00D9780A /* HelloTriangleApplication.c in Sources */ = {isa = PBXBuildFile; fileRef = A3E35A072819744B00D9780A /* HelloTriangleApplication.c */; };
		A3E35A0C281975CB00D9780A /* presentSetup.c in Sources */ = {isa = PBXBuildFile; fileRef = A3E35A0B281975CB00D9780A /* presentSetup.c */; };
		A3E35A16281982E200D9780A /* validation.c in Sources */ = {isa = PBXBuildFile; fileRef = A3E35A15281982E200D9780A /* validation.c */; };
		A3E35A1C28198B9200D9780A /* physicalDevice.c in Sources */ = {isa = PBXBuildFile; fileRef = A3E35A1B28198B9200D9780A /* physicalDevice.c */; };
		A3E35A232819ACE600D9780A /* queue.c in Sources */ = {isa = PBXBuildFile; fileRef = A3E35A222819ACE600D9780A /* queue.c */; };
		A3E35A262819AE7400D9780A /* logicalDevice.c in Sources */ = {isa = PBXBuildFile; fileRef = A3E35A252819AE7400D9780A /* logicalDevice.c */; };
		A3E35A302819FB3D00D9780A /* surface.c in Sources */ = {isa = PBXBuildFile; fileRef = A3E35A2F2819FB3D00D9780A /* surface.c */; };
/* End PBXBuildFile section */

/* Begin PBXCopyFilesBuildPhase section */
		A3E359DE2816EACE00D9780A /* CopyFiles */ = {
			isa = PBXCopyFilesBuildPhase;
			buildActionMask = 12;
			dstPath = "";
			dstSubfolderSpec = 10;
			files = (
				A3E359F12816EB6000D9780A /* libglfw.3.3.dylib in CopyFiles */,
				A3E359F22816EB6000D9780A /* libvulkan.1.3.211.dylib in CopyFiles */,
				A3E359F32816EB6000D9780A /* libvulkan.1.dylib in CopyFiles */,
			);
			runOnlyForDeploymentPostprocessing = 0;
		};
/* End PBXCopyFilesBuildPhase section */

/* Begin PBXFileReference section */
		A343754C281C70700017AFEE /* imageView.h */ = {isa = PBXFileReference; lastKnownFileType = sourcecode.c.h; path = imageView.h; sourceTree = "<group>"; };
		A343754D281C70700017AFEE /* imageView.c */ = {isa = PBXFileReference; lastKnownFileType = sourcecode.c.c; path = imageView.c; sourceTree = "<group>"; };
		A3437550281EFD060017AFEE /* graphicsPipeline.h */ = {isa = PBXFileReference; lastKnownFileType = sourcecode.c.h; path = graphicsPipeline.h; sourceTree = "<group>"; };
		A3437551281EFD060017AFEE /* graphicsPipeline.c */ = {isa = PBXFileReference; lastKnownFileType = sourcecode.c.c; path = graphicsPipeline.c; sourceTree = "<group>"; };
		A3437557281F11130017AFEE /* shader.vert */ = {isa = PBXFileReference; lastKnownFileType = sourcecode.glsl; path = shader.vert; sourceTree = "<group>"; };
		A3437558281F12300017AFEE /* shader.frag */ = {isa = PBXFileReference; lastKnownFileType = sourcecode.glsl; path = shader.frag; sourceTree = "<group>"; };
		A343755C281F1B410017AFEE /* shadersCompile.sh */ = {isa = PBXFileReference; lastKnownFileType = text.script.sh; path = shadersCompile.sh; sourceTree = "<group>"; };
		A343755D281F1CB30017AFEE /* frag.spv */ = {isa = PBXFileReference; lastKnownFileType = file; path = frag.spv; sourceTree = "<group>"; };
		A343755E281F1CB90017AFEE /* vert.spv */ = {isa = PBXFileReference; lastKnownFileType = file; path = vert.spv; sourceTree = "<group>"; };
		A35AB489281B0A6A009FD10A /* swapChain.h */ = {isa = PBXFileReference; lastKnownFileType = sourcecode.c.h; path = swapChain.h; sourceTree = "<group>"; };
		A35AB48A281B0A6A009FD10A /* swapChain.c */ = {isa = PBXFileReference; lastKnownFileType = sourcecode.c.c; path = swapChain.c; sourceTree = "<group>"; };
		A3AF7033281AC8C800042155 /* instance.c */ = {isa = PBXFileReference; lastKnownFileType = sourcecode.c.c; path = instance.c; sourceTree = "<group>"; };
		A3E359E02816EACE00D9780A /* vulkan_exploration */ = {isa = PBXFileReference; explicitFileType = "compiled.mach-o.executable"; includeInIndex = 0; path = vulkan_exploration; sourceTree = BUILT_PRODUCTS_DIR; };
		A3E359E32816EACE00D9780A /* main.c */ = {isa = PBXFileReference; lastKnownFileType = sourcecode.c.c; path = main.c; sourceTree = "<group>"; };
		A3E359EB2816EB2E00D9780A /* libvulkan.1.dylib */ = {isa = PBXFileReference; lastKnownFileType = "compiled.mach-o.dylib"; name = libvulkan.1.dylib; path = ../../../../VulkanSDK/1.3.211.0/macOS/lib/libvulkan.1.dylib; sourceTree = "<group>"; };
		A3E359ED2816EB3000D9780A /* libvulkan.1.3.211.dylib */ = {isa = PBXFileReference; lastKnownFileType = "compiled.mach-o.dylib"; name = libvulkan.1.3.211.dylib; path = ../../../../VulkanSDK/1.3.211.0/macOS/lib/libvulkan.1.3.211.dylib; sourceTree = "<group>"; };
		A3E359EF2816EB5600D9780A /* libglfw.3.3.dylib */ = {isa = PBXFileReference; lastKnownFileType = "compiled.mach-o.dylib"; name = libglfw.3.3.dylib; path = ../../../../../../opt/homebrew/lib/libglfw.3.3.dylib; sourceTree = "<group>"; };
		A3E35A062819744B00D9780A /* HelloTriangleApplication.h */ = {isa = PBXFileReference; lastKnownFileType = sourcecode.c.h; path = HelloTriangleApplication.h; sourceTree = "<group>"; };
		A3E35A072819744B00D9780A /* HelloTriangleApplication.c */ = {isa = PBXFileReference; lastKnownFileType = sourcecode.c.c; path = HelloTriangleApplication.c; sourceTree = "<group>"; };
		A3E35A0A281975CB00D9780A /* presentSetup.h */ = {isa = PBXFileReference; lastKnownFileType = sourcecode.c.h; path = presentSetup.h; sourceTree = "<group>"; };
		A3E35A0B281975CB00D9780A /* presentSetup.c */ = {isa = PBXFileReference; lastKnownFileType = sourcecode.c.c; path = presentSetup.c; sourceTree = "<group>"; };
		A3E35A0E2819795700D9780A /* instance.h */ = {isa = PBXFileReference; lastKnownFileType = sourcecode.c.h; path = instance.h; sourceTree = "<group>"; };
		A3E35A0F2819795700D9780A /* instance.c */ = {isa = PBXFileReference; lastKnownFileType = sourcecode.c.c; path = instance.c; sourceTree = "<group>"; };
		A3E35A14281982E200D9780A /* validation.h */ = {isa = PBXFileReference; lastKnownFileType = sourcecode.c.h; path = validation.h; sourceTree = "<group>"; };
		A3E35A15281982E200D9780A /* validation.c */ = {isa = PBXFileReference; lastKnownFileType = sourcecode.c.c; path = validation.c; sourceTree = "<group>"; };
		A3E35A1A28198B9200D9780A /* physicalDevice.h */ = {isa = PBXFileReference; lastKnownFileType = sourcecode.c.h; path = physicalDevice.h; sourceTree = "<group>"; };
		A3E35A1B28198B9200D9780A /* physicalDevice.c */ = {isa = PBXFileReference; lastKnownFileType = sourcecode.c.c; path = physicalDevice.c; sourceTree = "<group>"; };
		A3E35A212819ACE600D9780A /* queue.h */ = {isa = PBXFileReference; lastKnownFileType = sourcecode.c.h; path = queue.h; sourceTree = "<group>"; };
		A3E35A222819ACE600D9780A /* queue.c */ = {isa = PBXFileReference; lastKnownFileType = sourcecode.c.c; path = queue.c; sourceTree = "<group>"; };
		A3E35A242819AE7400D9780A /* logicalDevice.h */ = {isa = PBXFileReference; lastKnownFileType = sourcecode.c.h; path = logicalDevice.h; sourceTree = "<group>"; };
		A3E35A252819AE7400D9780A /* logicalDevice.c */ = {isa = PBXFileReference; lastKnownFileType = sourcecode.c.c; path = logicalDevice.c; sourceTree = "<group>"; };
		A3E35A2E2819FB3D00D9780A /* surface.h */ = {isa = PBXFileReference; lastKnownFileType = sourcecode.c.h; path = surface.h; sourceTree = "<group>"; };
		A3E35A2F2819FB3D00D9780A /* surface.c */ = {isa = PBXFileReference; lastKnownFileType = sourcecode.c.c; path = surface.c; sourceTree = "<group>"; };
/* End PBXFileReference section */

/* Begin PBXFrameworksBuildPhase section */
		A3E359DD2816EACE00D9780A /* Frameworks */ = {
			isa = PBXFrameworksBuildPhase;
			buildActionMask = 2147483647;
			files = (
				A3E359EC2816EB2E00D9780A /* libvulkan.1.dylib in Frameworks */,
				A3E359EE2816EB3000D9780A /* libvulkan.1.3.211.dylib in Frameworks */,
				A3E359F02816EB5600D9780A /* libglfw.3.3.dylib in Frameworks */,
			);
			runOnlyForDeploymentPostprocessing = 0;
		};
/* End PBXFrameworksBuildPhase section */

/* Begin PBXGroup section */
		A343754F281ECF280017AFEE /* graphicsPipeline */ = {
			isa = PBXGroup;
			children = (
				A3437550281EFD060017AFEE /* graphicsPipeline.h */,
				A3437551281EFD060017AFEE /* graphicsPipeline.c */,
			);
			path = graphicsPipeline;
			sourceTree = "<group>";
		};
		A3437553281F01170017AFEE /* shaders */ = {
			isa = PBXGroup;
			children = (
				A343755E281F1CB90017AFEE /* vert.spv */,
				A343755D281F1CB30017AFEE /* frag.spv */,
				A3437557281F11130017AFEE /* shader.vert */,
				A3437558281F12300017AFEE /* shader.frag */,
				A343755C281F1B410017AFEE /* shadersCompile.sh */,
			);
			path = shaders;
			sourceTree = "<group>";
		};
		A3E359D72816EACE00D9780A = {
			isa = PBXGroup;
			children = (
				A3E359E22816EACE00D9780A /* vulkan_exploration */,
				A3E359E12816EACE00D9780A /* Products */,
				A3E359EA2816EB2D00D9780A /* Frameworks */,
			);
			sourceTree = "<group>";
		};
		A3E359E12816EACE00D9780A /* Products */ = {
			isa = PBXGroup;
			children = (
				A3E359E02816EACE00D9780A /* vulkan_exploration */,
			);
			name = Products;
			sourceTree = "<group>";
		};
		A3E359E22816EACE00D9780A /* vulkan_exploration */ = {
			isa = PBXGroup;
			children = (
				A3E359E32816EACE00D9780A /* main.c */,
				A3E35A072819744B00D9780A /* HelloTriangleApplication.c */,
				A3E35A062819744B00D9780A /* HelloTriangleApplication.h */,
				A3437553281F01170017AFEE /* shaders */,
				A343754F281ECF280017AFEE /* graphicsPipeline */,
				A3E35A272819EDAD00D9780A /* presentation */,
				A3E35A1D2819941100D9780A /* init */,
			);
			path = vulkan_exploration;
			sourceTree = "<group>";
		};
		A3E359EA2816EB2D00D9780A /* Frameworks */ = {
			isa = PBXGroup;
			children = (
				A3E35A0F2819795700D9780A /* instance.c */,
				A3E359EF2816EB5600D9780A /* libglfw.3.3.dylib */,
				A3E359ED2816EB3000D9780A /* libvulkan.1.3.211.dylib */,
				A3E359EB2816EB2E00D9780A /* libvulkan.1.dylib */,
			);
			name = Frameworks;
			sourceTree = "<group>";
		};
		A3E35A1D2819941100D9780A /* init */ = {
			isa = PBXGroup;
			children = (
				A3E35A0E2819795700D9780A /* instance.h */,
				A3E35A14281982E200D9780A /* validation.h */,
				A3AF7033281AC8C800042155 /* instance.c */,
				A3E35A15281982E200D9780A /* validation.c */,
				A3E35A1A28198B9200D9780A /* physicalDevice.h */,
				A3E35A1B28198B9200D9780A /* physicalDevice.c */,
				A3E35A212819ACE600D9780A /* queue.h */,
				A3E35A222819ACE600D9780A /* queue.c */,
				A3E35A242819AE7400D9780A /* logicalDevice.h */,
				A3E35A252819AE7400D9780A /* logicalDevice.c */,
			);
			path = init;
			sourceTree = "<group>";
		};
		A3E35A272819EDAD00D9780A /* presentation */ = {
			isa = PBXGroup;
			children = (
				A3E35A0A281975CB00D9780A /* presentSetup.h */,
				A3E35A2E2819FB3D00D9780A /* surface.h */,
				A343754C281C70700017AFEE /* imageView.h */,
				A343754D281C70700017AFEE /* imageView.c */,
				A3E35A2F2819FB3D00D9780A /* surface.c */,
				A3E35A0B281975CB00D9780A /* presentSetup.c */,
				A35AB489281B0A6A009FD10A /* swapChain.h */,
				A35AB48A281B0A6A009FD10A /* swapChain.c */,
			);
			path = presentation;
			sourceTree = "<group>";
		};
/* End PBXGroup section */

/* Begin PBXNativeTarget section */
		A3E359DF2816EACE00D9780A /* vulkan_exploration */ = {
			isa = PBXNativeTarget;
			buildConfigurationList = A3E359E72816EACE00D9780A /* Build configuration list for PBXNativeTarget "vulkan_exploration" */;
			buildPhases = (
				A3E359DC2816EACE00D9780A /* Sources */,
				A3E359DD2816EACE00D9780A /* Frameworks */,
				A3E359DE2816EACE00D9780A /* CopyFiles */,
				A343755B281F17700017AFEE /* Run Script */,
			);
			buildRules = (
			);
			dependencies = (
			);
			name = vulkan_exploration;
			productName = vulkan_exploration;
			productReference = A3E359E02816EACE00D9780A /* vulkan_exploration */;
			productType = "com.apple.product-type.tool";
		};
/* End PBXNativeTarget section */

/* Begin PBXProject section */
		A3E359D82816EACE00D9780A /* Project object */ = {
			isa = PBXProject;
			attributes = {
				BuildIndependentTargetsInParallel = 1;
				LastUpgradeCheck = 1330;
				TargetAttributes = {
					A3E359DF2816EACE00D9780A = {
						CreatedOnToolsVersion = 13.3.1;
					};
				};
			};
			buildConfigurationList = A3E359DB2816EACE00D9780A /* Build configuration list for PBXProject "vulkan_exploration" */;
			compatibilityVersion = "Xcode 13.0";
			developmentRegion = en;
			hasScannedForEncodings = 0;
			knownRegions = (
				en,
				Base,
			);
			mainGroup = A3E359D72816EACE00D9780A;
			productRefGroup = A3E359E12816EACE00D9780A /* Products */;
			projectDirPath = "";
			projectRoot = "";
			targets = (
				A3E359DF2816EACE00D9780A /* vulkan_exploration */,
			);
		};
/* End PBXProject section */

/* Begin PBXShellScriptBuildPhase section */
		A343755B281F17700017AFEE /* Run Script */ = {
			isa = PBXShellScriptBuildPhase;
			buildActionMask = 2147483647;
			files = (
			);
			inputFileListPaths = (
			);
			inputPaths = (
			);
			name = "Run Script";
			outputFileListPaths = (
			);
			outputPaths = (
			);
			runOnlyForDeploymentPostprocessing = 0;
			shellPath = /bin/sh;
			shellScript = "
";
		};
/* End PBXShellScriptBuildPhase section */

/* Begin PBXSourcesBuildPhase section */
		A3E359DC2816EACE00D9780A /* Sources */ = {
			isa = PBXSourcesBuildPhase;
			buildActionMask = 2147483647;
			files = (
				A3E35A16281982E200D9780A /* validation.c in Sources */,
				A3E35A302819FB3D00D9780A /* surface.c in Sources */,
				A3437552281EFD060017AFEE /* graphicsPipeline.c in Sources */,
				A343754E281C70700017AFEE /* imageView.c in Sources */,
				A3E35A0C281975CB00D9780A /* presentSetup.c in Sources */,
				A3E35A262819AE7400D9780A /* logicalDevice.c in Sources */,
				A3E35A232819ACE600D9780A /* queue.c in Sources */,
				A3AF7034281AC8C800042155 /* instance.c in Sources */,
				A35AB48B281B0A6A009FD10A /* swapChain.c in Sources */,
				A3E35A1C28198B9200D9780A /* physicalDevice.c in Sources */,
				A3E35A082819744B00D9780A /* HelloTriangleApplication.c in Sources */,
				A3E359E42816EACE00D9780A /* main.c in Sources */,
			);
			runOnlyForDeploymentPostprocessing = 0;
		};
/* End PBXSourcesBuildPhase section */

/* Begin XCBuildConfiguration section */
		A3E359E52816EACE00D9780A /* Debug */ = {
			isa = XCBuildConfiguration;
			buildSettings = {
				ALWAYS_SEARCH_USER_PATHS = NO;
				CLANG_ANALYZER_NONNULL = YES;
				CLANG_ANALYZER_NUMBER_OBJECT_CONVERSION = YES_AGGRESSIVE;
				CLANG_CXX_LANGUAGE_STANDARD = "gnu++17";
				CLANG_ENABLE_MODULES = YES;
				CLANG_ENABLE_OBJC_ARC = YES;
				CLANG_ENABLE_OBJC_WEAK = YES;
				CLANG_WARN_BLOCK_CAPTURE_AUTORELEASING = YES;
				CLANG_WARN_BOOL_CONVERSION = YES;
				CLANG_WARN_COMMA = YES;
				CLANG_WARN_CONSTANT_CONVERSION = YES;
				CLANG_WARN_DEPRECATED_OBJC_IMPLEMENTATIONS = YES;
				CLANG_WARN_DIRECT_OBJC_ISA_USAGE = YES_ERROR;
				CLANG_WARN_DOCUMENTATION_COMMENTS = YES;
				CLANG_WARN_EMPTY_BODY = YES;
				CLANG_WARN_ENUM_CONVERSION = YES;
				CLANG_WARN_INFINITE_RECURSION = YES;
				CLANG_WARN_INT_CONVERSION = YES;
				CLANG_WARN_NON_LITERAL_NULL_CONVERSION = YES;
				CLANG_WARN_OBJC_IMPLICIT_RETAIN_SELF = YES;
				CLANG_WARN_OBJC_LITERAL_CONVERSION = YES;
				CLANG_WARN_OBJC_ROOT_CLASS = YES_ERROR;
				CLANG_WARN_QUOTED_INCLUDE_IN_FRAMEWORK_HEADER = YES;
				CLANG_WARN_RANGE_LOOP_ANALYSIS = YES;
				CLANG_WARN_STRICT_PROTOTYPES = YES;
				CLANG_WARN_SUSPICIOUS_MOVE = YES;
				CLANG_WARN_UNGUARDED_AVAILABILITY = YES_AGGRESSIVE;
				CLANG_WARN_UNREACHABLE_CODE = YES;
				CLANG_WARN__DUPLICATE_METHOD_MATCH = YES;
				COPY_PHASE_STRIP = NO;
				DEBUG_INFORMATION_FORMAT = dwarf;
				ENABLE_STRICT_OBJC_MSGSEND = YES;
				ENABLE_TESTABILITY = YES;
				GCC_C_LANGUAGE_STANDARD = gnu11;
				GCC_DYNAMIC_NO_PIC = NO;
				GCC_NO_COMMON_BLOCKS = YES;
				GCC_OPTIMIZATION_LEVEL = 0;
				GCC_PREPROCESSOR_DEFINITIONS = (
					"DEBUG=1",
					"$(inherited)",
				);
				GCC_WARN_64_TO_32_BIT_CONVERSION = YES;
				GCC_WARN_ABOUT_RETURN_TYPE = YES_ERROR;
				GCC_WARN_UNDECLARED_SELECTOR = YES;
				GCC_WARN_UNINITIALIZED_AUTOS = YES_AGGRESSIVE;
				GCC_WARN_UNUSED_FUNCTION = YES;
				GCC_WARN_UNUSED_VARIABLE = YES;
				MACOSX_DEPLOYMENT_TARGET = 12.2;
				MTL_ENABLE_DEBUG_INFO = INCLUDE_SOURCE;
				MTL_FAST_MATH = YES;
				ONLY_ACTIVE_ARCH = YES;
				SDKROOT = macosx;
			};
			name = Debug;
		};
		A3E359E62816EACE00D9780A /* Release */ = {
			isa = XCBuildConfiguration;
			buildSettings = {
				ALWAYS_SEARCH_USER_PATHS = NO;
				CLANG_ANALYZER_NONNULL = YES;
				CLANG_ANALYZER_NUMBER_OBJECT_CONVERSION = YES_AGGRESSIVE;
				CLANG_CXX_LANGUAGE_STANDARD = "gnu++17";
				CLANG_ENABLE_MODULES = YES;
				CLANG_ENABLE_OBJC_ARC = YES;
				CLANG_ENABLE_OBJC_WEAK = YES;
				CLANG_WARN_BLOCK_CAPTURE_AUTORELEASING = YES;
				CLANG_WARN_BOOL_CONVERSION = YES;
				CLANG_WARN_COMMA = YES;
				CLANG_WARN_CONSTANT_CONVERSION = YES;
				CLANG_WARN_DEPRECATED_OBJC_IMPLEMENTATIONS = YES;
				CLANG_WARN_DIRECT_OBJC_ISA_USAGE = YES_ERROR;
				CLANG_WARN_DOCUMENTATION_COMMENTS = YES;
				CLANG_WARN_EMPTY_BODY = YES;
				CLANG_WARN_ENUM_CONVERSION = YES;
				CLANG_WARN_INFINITE_RECURSION = YES;
				CLANG_WARN_INT_CONVERSION = YES;
				CLANG_WARN_NON_LITERAL_NULL_CONVERSION = YES;
				CLANG_WARN_OBJC_IMPLICIT_RETAIN_SELF = YES;
				CLANG_WARN_OBJC_LITERAL_CONVERSION = YES;
				CLANG_WARN_OBJC_ROOT_CLASS = YES_ERROR;
				CLANG_WARN_QUOTED_INCLUDE_IN_FRAMEWORK_HEADER = YES;
				CLANG_WARN_RANGE_LOOP_ANALYSIS = YES;
				CLANG_WARN_STRICT_PROTOTYPES = YES;
				CLANG_WARN_SUSPICIOUS_MOVE = YES;
				CLANG_WARN_UNGUARDED_AVAILABILITY = YES_AGGRESSIVE;
				CLANG_WARN_UNREACHABLE_CODE = YES;
				CLANG_WARN__DUPLICATE_METHOD_MATCH = YES;
				COPY_PHASE_STRIP = NO;
				DEBUG_INFORMATION_FORMAT = "dwarf-with-dsym";
				ENABLE_NS_ASSERTIONS = NO;
				ENABLE_STRICT_OBJC_MSGSEND = YES;
				GCC_C_LANGUAGE_STANDARD = gnu11;
				GCC_NO_COMMON_BLOCKS = YES;
				GCC_WARN_64_TO_32_BIT_CONVERSION = YES;
				GCC_WARN_ABOUT_RETURN_TYPE = YES_ERROR;
				GCC_WARN_UNDECLARED_SELECTOR = YES;
				GCC_WARN_UNINITIALIZED_AUTOS = YES_AGGRESSIVE;
				GCC_WARN_UNUSED_FUNCTION = YES;
				GCC_WARN_UNUSED_VARIABLE = YES;
				MACOSX_DEPLOYMENT_TARGET = 12.2;
				MTL_ENABLE_DEBUG_INFO = NO;
				MTL_FAST_MATH = YES;
				SDKROOT = macosx;
			};
			name = Release;
		};
		A3E359E82816EACE00D9780A /* Debug */ = {
			isa = XCBuildConfiguration;
			buildSettings = {
				CODE_SIGN_STYLE = Automatic;
				HEADER_SEARCH_PATHS = (
					/opt/homebrew/include,
					/Users/tkowalsk/VulkanSDK/1.3.211.0/macOS/include,
				);
				LIBRARY_SEARCH_PATHS = (
					/Users/tkowalsk/VulkanSDK/1.3.211.0/macOS/lib,
					/opt/homebrew/lib,
				);
				PRODUCT_NAME = "$(TARGET_NAME)";
			};
			name = Debug;
		};
		A3E359E92816EACE00D9780A /* Release */ = {
			isa = XCBuildConfiguration;
			buildSettings = {
				CODE_SIGN_STYLE = Automatic;
				HEADER_SEARCH_PATHS = (
					/opt/homebrew/include,
					/Users/tkowalsk/VulkanSDK/1.3.211.0/macOS/include,
				);
				LIBRARY_SEARCH_PATHS = (
					/Users/tkowalsk/VulkanSDK/1.3.211.0/macOS/lib,
					/opt/homebrew/lib,
				);
				PRODUCT_NAME = "$(TARGET_NAME)";
			};
			name = Release;
		};
/* End XCBuildConfiguration section */

/* Begin XCConfigurationList section */
		A3E359DB2816EACE00D9780A /* Build configuration list for PBXProject "vulkan_exploration" */ = {
			isa = XCConfigurationList;
			buildConfigurations = (
				A3E359E52816EACE00D9780A /* Debug */,
				A3E359E62816EACE00D9780A /* Release */,
			);
			defaultConfigurationIsVisible = 0;
			defaultConfigurationName = Release;
		};
		A3E359E72816EACE00D9780A /* Build configuration list for PBXNativeTarget "vulkan_exploration" */ = {
			isa = XCConfigurationList;
			buildConfigurations = (
				A3E359E82816EACE00D9780A /* Debug */,
				A3E359E92816EACE00D9780A /* Release */,
			);
			defaultConfigurationIsVisible = 0;
			defaultConfigurationName = Release;
		};
/* End XCConfigurationList section */
	};
	rootObject = A3E359D82816EACE00D9780A /* Project object */;
}
