// !$*UTF8*$!
{
	archiveVersion = 1;
	classes = {
	};
	objectVersion = 55;
	objects = {

/* Begin PBXBuildFile section */
		A3E359E42816EACE00D9780A /* main.c in Sources */ = {isa = PBXBuildFile; fileRef = A3E359E32816EACE00D9780A /* main.c */; };
		A3E359EC2816EB2E00D9780A /* libvulkan.1.dylib in Frameworks */ = {isa = PBXBuildFile; fileRef = A3E359EB2816EB2E00D9780A /* libvulkan.1.dylib */; };
		A3E359EE2816EB3000D9780A /* libvulkan.1.3.211.dylib in Frameworks */ = {isa = PBXBuildFile; fileRef = A3E359ED2816EB3000D9780A /* libvulkan.1.3.211.dylib */; };
		A3E359F02816EB5600D9780A /* libglfw.3.3.dylib in Frameworks */ = {isa = PBXBuildFile; fileRef = A3E359EF2816EB5600D9780A /* libglfw.3.3.dylib */; };
		A3E359F12816EB6000D9780A /* libglfw.3.3.dylib in CopyFiles */ = {isa = PBXBuildFile; fileRef = A3E359EF2816EB5600D9780A /* libglfw.3.3.dylib */; };
		A3E359F22816EB6000D9780A /* libvulkan.1.3.211.dylib in CopyFiles */ = {isa = PBXBuildFile; fileRef = A3E359ED2816EB3000D9780A /* libvulkan.1.3.211.dylib */; };
		A3E359F32816EB6000D9780A /* libvulkan.1.dylib in CopyFiles */ = {isa = PBXBuildFile; fileRef = A3E359EB2816EB2E00D9780A /* libvulkan.1.dylib */; };
		A3E359F62816EBC900D9780A /* helloTriangleApplication.c in Sources */ = {isa = PBXBuildFile; fileRef = A3E359F52816EBC900D9780A /* helloTriangleApplication.c */; };
/* End PBXBuildFile section */

/* Begin PBXCopyFilesBuildPhase section */
		A3E359DE2816EACE00D9780A /* CopyFiles */ = {
			isa = PBXCopyFilesBuildPhase;
			buildActionMask = 12;
			dstPath = "";
			dstSubfolderSpec = 10;
			files = (
				A3E359F12816EB6000D9780A /* libglfw.3.3.dylib in CopyFiles */,
				A3E359F22816EB6000D9780A /* libvulkan.1.3.211.dylib in CopyFiles */,
				A3E359F32816EB6000D9780A /* libvulkan.1.dylib in CopyFiles */,
			);
			runOnlyForDeploymentPostprocessing = 0;
		};
/* End PBXCopyFilesBuildPhase section */

/* Begin PBXFileReference section */
		A3E359E02816EACE00D9780A /* vulkan_exploration */ = {isa = PBXFileReference; explicitFileType = "compiled.mach-o.executable"; includeInIndex = 0; path = vulkan_exploration; sourceTree = BUILT_PRODUCTS_DIR; };
		A3E359E32816EACE00D9780A /* main.c */ = {isa = PBXFileReference; lastKnownFileType = sourcecode.c.c; path = main.c; sourceTree = "<group>"; };
		A3E359EB2816EB2E00D9780A /* libvulkan.1.dylib */ = {isa = PBXFileReference; lastKnownFileType = "compiled.mach-o.dylib"; name = libvulkan.1.dylib; path = ../../../../VulkanSDK/1.3.211.0/macOS/lib/libvulkan.1.dylib; sourceTree = "<group>"; };
		A3E359ED2816EB3000D9780A /* libvulkan.1.3.211.dylib */ = {isa = PBXFileReference; lastKnownFileType = "compiled.mach-o.dylib"; name = libvulkan.1.3.211.dylib; path = ../../../../VulkanSDK/1.3.211.0/macOS/lib/libvulkan.1.3.211.dylib; sourceTree = "<group>"; };
		A3E359EF2816EB5600D9780A /* libglfw.3.3.dylib */ = {isa = PBXFileReference; lastKnownFileType = "compiled.mach-o.dylib"; name = libglfw.3.3.dylib; path = ../../../../../../opt/homebrew/lib/libglfw.3.3.dylib; sourceTree = "<group>"; };
		A3E359F42816EBC900D9780A /* helloTriangleApplication.h */ = {isa = PBXFileReference; lastKnownFileType = sourcecode.c.h; path = helloTriangleApplication.h; sourceTree = "<group>"; };
		A3E359F52816EBC900D9780A /* helloTriangleApplication.c */ = {isa = PBXFileReference; lastKnownFileType = sourcecode.c.c; path = helloTriangleApplication.c; sourceTree = "<group>"; };
/* End PBXFileReference section */

/* Begin PBXFrameworksBuildPhase section */
		A3E359DD2816EACE00D9780A /* Frameworks */ = {
			isa = PBXFrameworksBuildPhase;
			buildActionMask = 2147483647;
			files = (
				A3E359EC2816EB2E00D9780A /* libvulkan.1.dylib in Frameworks */,
				A3E359EE2816EB3000D9780A /* libvulkan.1.3.211.dylib in Frameworks */,
				A3E359F02816EB5600D9780A /* libglfw.3.3.dylib in Frameworks */,
			);
			runOnlyForDeploymentPostprocessing = 0;
		};
/* End PBXFrameworksBuildPhase section */

/* Begin PBXGroup section */
		A3E359D72816EACE00D9780A = {
			isa = PBXGroup;
			children = (
				A3E359E22816EACE00D9780A /* vulkan_exploration */,
				A3E359E12816EACE00D9780A /* Products */,
				A3E359EA2816EB2D00D9780A /* Frameworks */,
			);
			sourceTree = "<group>";
		};
		A3E359E12816EACE00D9780A /* Products */ = {
			isa = PBXGroup;
			children = (
				A3E359E02816EACE00D9780A /* vulkan_exploration */,
			);
			name = Products;
			sourceTree = "<group>";
		};
		A3E359E22816EACE00D9780A /* vulkan_exploration */ = {
			isa = PBXGroup;
			children = (
				A3E359E32816EACE00D9780A /* main.c */,
				A3E359F42816EBC900D9780A /* helloTriangleApplication.h */,
				A3E359F52816EBC900D9780A /* helloTriangleApplication.c */,
			);
			path = vulkan_exploration;
			sourceTree = "<group>";
		};
		A3E359EA2816EB2D00D9780A /* Frameworks */ = {
			isa = PBXGroup;
			children = (
				A3E359EF2816EB5600D9780A /* libglfw.3.3.dylib */,
				A3E359ED2816EB3000D9780A /* libvulkan.1.3.211.dylib */,
				A3E359EB2816EB2E00D9780A /* libvulkan.1.dylib */,
			);
			name = Frameworks;
			sourceTree = "<group>";
		};
/* End PBXGroup section */

/* Begin PBXNativeTarget section */
		A3E359DF2816EACE00D9780A /* vulkan_exploration */ = {
			isa = PBXNativeTarget;
			buildConfigurationList = A3E359E72816EACE00D9780A /* Build configuration list for PBXNativeTarget "vulkan_exploration" */;
			buildPhases = (
				A3E359DC2816EACE00D9780A /* Sources */,
				A3E359DD2816EACE00D9780A /* Frameworks */,
				A3E359DE2816EACE00D9780A /* CopyFiles */,
			);
			buildRules = (
			);
			dependencies = (
			);
			name = vulkan_exploration;
			productName = vulkan_exploration;
			productReference = A3E359E02816EACE00D9780A /* vulkan_exploration */;
			productType = "com.apple.product-type.tool";
		};
/* End PBXNativeTarget section */

/* Begin PBXProject section */
		A3E359D82816EACE00D9780A /* Project object */ = {
			isa = PBXProject;
			attributes = {
				BuildIndependentTargetsInParallel = 1;
				LastUpgradeCheck = 1330;
				TargetAttributes = {
					A3E359DF2816EACE00D9780A = {
						CreatedOnToolsVersion = 13.3.1;
					};
				};
			};
			buildConfigurationList = A3E359DB2816EACE00D9780A /* Build configuration list for PBXProject "vulkan_exploration" */;
			compatibilityVersion = "Xcode 13.0";
			developmentRegion = en;
			hasScannedForEncodings = 0;
			knownRegions = (
				en,
				Base,
			);
			mainGroup = A3E359D72816EACE00D9780A;
			productRefGroup = A3E359E12816EACE00D9780A /* Products */;
			projectDirPath = "";
			projectRoot = "";
			targets = (
				A3E359DF2816EACE00D9780A /* vulkan_exploration */,
			);
		};
/* End PBXProject section */

/* Begin PBXSourcesBuildPhase section */
		A3E359DC2816EACE00D9780A /* Sources */ = {
			isa = PBXSourcesBuildPhase;
			buildActionMask = 2147483647;
			files = (
				A3E359E42816EACE00D9780A /* main.c in Sources */,
				A3E359F62816EBC900D9780A /* helloTriangleApplication.c in Sources */,
			);
			runOnlyForDeploymentPostprocessing = 0;
		};
/* End PBXSourcesBuildPhase section */

/* Begin XCBuildConfiguration section */
		A3E359E52816EACE00D9780A /* Debug */ = {
			isa = XCBuildConfiguration;
			buildSettings = {
				ALWAYS_SEARCH_USER_PATHS = NO;
				CLANG_ANALYZER_NONNULL = YES;
				CLANG_ANALYZER_NUMBER_OBJECT_CONVERSION = YES_AGGRESSIVE;
				CLANG_CXX_LANGUAGE_STANDARD = "gnu++17";
				CLANG_ENABLE_MODULES = YES;
				CLANG_ENABLE_OBJC_ARC = YES;
				CLANG_ENABLE_OBJC_WEAK = YES;
				CLANG_WARN_BLOCK_CAPTURE_AUTORELEASING = YES;
				CLANG_WARN_BOOL_CONVERSION = YES;
				CLANG_WARN_COMMA = YES;
				CLANG_WARN_CONSTANT_CONVERSION = YES;
				CLANG_WARN_DEPRECATED_OBJC_IMPLEMENTATIONS = YES;
				CLANG_WARN_DIRECT_OBJC_ISA_USAGE = YES_ERROR;
				CLANG_WARN_DOCUMENTATION_COMMENTS = YES;
				CLANG_WARN_EMPTY_BODY = YES;
				CLANG_WARN_ENUM_CONVERSION = YES;
				CLANG_WARN_INFINITE_RECURSION = YES;
				CLANG_WARN_INT_CONVERSION = YES;
				CLANG_WARN_NON_LITERAL_NULL_CONVERSION = YES;
				CLANG_WARN_OBJC_IMPLICIT_RETAIN_SELF = YES;
				CLANG_WARN_OBJC_LITERAL_CONVERSION = YES;
				CLANG_WARN_OBJC_ROOT_CLASS = YES_ERROR;
				CLANG_WARN_QUOTED_INCLUDE_IN_FRAMEWORK_HEADER = YES;
				CLANG_WARN_RANGE_LOOP_ANALYSIS = YES;
				CLANG_WARN_STRICT_PROTOTYPES = YES;
				CLANG_WARN_SUSPICIOUS_MOVE = YES;
				CLANG_WARN_UNGUARDED_AVAILABILITY = YES_AGGRESSIVE;
				CLANG_WARN_UNREACHABLE_CODE = YES;
				CLANG_WARN__DUPLICATE_METHOD_MATCH = YES;
				COPY_PHASE_STRIP = NO;
				DEBUG_INFORMATION_FORMAT = dwarf;
				ENABLE_STRICT_OBJC_MSGSEND = YES;
				ENABLE_TESTABILITY = YES;
				GCC_C_LANGUAGE_STANDARD = gnu11;
				GCC_DYNAMIC_NO_PIC = NO;
				GCC_NO_COMMON_BLOCKS = YES;
				GCC_OPTIMIZATION_LEVEL = 0;
				GCC_PREPROCESSOR_DEFINITIONS = (
					"DEBUG=1",
					"$(inherited)",
				);
				GCC_WARN_64_TO_32_BIT_CONVERSION = YES;
				GCC_WARN_ABOUT_RETURN_TYPE = YES_ERROR;
				GCC_WARN_UNDECLARED_SELECTOR = YES;
				GCC_WARN_UNINITIALIZED_AUTOS = YES_AGGRESSIVE;
				GCC_WARN_UNUSED_FUNCTION = YES;
				GCC_WARN_UNUSED_VARIABLE = YES;
				MACOSX_DEPLOYMENT_TARGET = 12.2;
				MTL_ENABLE_DEBUG_INFO = INCLUDE_SOURCE;
				MTL_FAST_MATH = YES;
				ONLY_ACTIVE_ARCH = YES;
				SDKROOT = macosx;
			};
			name = Debug;
		};
		A3E359E62816EACE00D9780A /* Release */ = {
			isa = XCBuildConfiguration;
			buildSettings = {
				ALWAYS_SEARCH_USER_PATHS = NO;
				CLANG_ANALYZER_NONNULL = YES;
				CLANG_ANALYZER_NUMBER_OBJECT_CONVERSION = YES_AGGRESSIVE;
				CLANG_CXX_LANGUAGE_STANDARD = "gnu++17";
				CLANG_ENABLE_MODULES = YES;
				CLANG_ENABLE_OBJC_ARC = YES;
				CLANG_ENABLE_OBJC_WEAK = YES;
				CLANG_WARN_BLOCK_CAPTURE_AUTORELEASING = YES;
				CLANG_WARN_BOOL_CONVERSION = YES;
				CLANG_WARN_COMMA = YES;
				CLANG_WARN_CONSTANT_CONVERSION = YES;
				CLANG_WARN_DEPRECATED_OBJC_IMPLEMENTATIONS = YES;
				CLANG_WARN_DIRECT_OBJC_ISA_USAGE = YES_ERROR;
				CLANG_WARN_DOCUMENTATION_COMMENTS = YES;
				CLANG_WARN_EMPTY_BODY = YES;
				CLANG_WARN_ENUM_CONVERSION = YES;
				CLANG_WARN_INFINITE_RECURSION = YES;
				CLANG_WARN_INT_CONVERSION = YES;
				CLANG_WARN_NON_LITERAL_NULL_CONVERSION = YES;
				CLANG_WARN_OBJC_IMPLICIT_RETAIN_SELF = YES;
				CLANG_WARN_OBJC_LITERAL_CONVERSION = YES;
				CLANG_WARN_OBJC_ROOT_CLASS = YES_ERROR;
				CLANG_WARN_QUOTED_INCLUDE_IN_FRAMEWORK_HEADER = YES;
				CLANG_WARN_RANGE_LOOP_ANALYSIS = YES;
				CLANG_WARN_STRICT_PROTOTYPES = YES;
				CLANG_WARN_SUSPICIOUS_MOVE = YES;
				CLANG_WARN_UNGUARDED_AVAILABILITY = YES_AGGRESSIVE;
				CLANG_WARN_UNREACHABLE_CODE = YES;
				CLANG_WARN__DUPLICATE_METHOD_MATCH = YES;
				COPY_PHASE_STRIP = NO;
				DEBUG_INFORMATION_FORMAT = "dwarf-with-dsym";
				ENABLE_NS_ASSERTIONS = NO;
				ENABLE_STRICT_OBJC_MSGSEND = YES;
				GCC_C_LANGUAGE_STANDARD = gnu11;
				GCC_NO_COMMON_BLOCKS = YES;
				GCC_WARN_64_TO_32_BIT_CONVERSION = YES;
				GCC_WARN_ABOUT_RETURN_TYPE = YES_ERROR;
				GCC_WARN_UNDECLARED_SELECTOR = YES;
				GCC_WARN_UNINITIALIZED_AUTOS = YES_AGGRESSIVE;
				GCC_WARN_UNUSED_FUNCTION = YES;
				GCC_WARN_UNUSED_VARIABLE = YES;
				MACOSX_DEPLOYMENT_TARGET = 12.2;
				MTL_ENABLE_DEBUG_INFO = NO;
				MTL_FAST_MATH = YES;
				SDKROOT = macosx;
			};
			name = Release;
		};
		A3E359E82816EACE00D9780A /* Debug */ = {
			isa = XCBuildConfiguration;
			buildSettings = {
				CODE_SIGN_STYLE = Automatic;
				HEADER_SEARCH_PATHS = (
					/opt/homebrew/include,
					/Users/tkowalsk/VulkanSDK/1.3.211.0/macOS/include,
				);
				LIBRARY_SEARCH_PATHS = (
					/Users/tkowalsk/VulkanSDK/1.3.211.0/macOS/lib,
					/opt/homebrew/lib,
				);
				PRODUCT_NAME = "$(TARGET_NAME)";
			};
			name = Debug;
		};
		A3E359E92816EACE00D9780A /* Release */ = {
			isa = XCBuildConfiguration;
			buildSettings = {
				CODE_SIGN_STYLE = Automatic;
				HEADER_SEARCH_PATHS = (
					/opt/homebrew/include,
					/Users/tkowalsk/VulkanSDK/1.3.211.0/macOS/include,
				);
				LIBRARY_SEARCH_PATHS = (
					/Users/tkowalsk/VulkanSDK/1.3.211.0/macOS/lib,
					/opt/homebrew/lib,
				);
				PRODUCT_NAME = "$(TARGET_NAME)";
			};
			name = Release;
		};
/* End XCBuildConfiguration section */

/* Begin XCConfigurationList section */
		A3E359DB2816EACE00D9780A /* Build configuration list for PBXProject "vulkan_exploration" */ = {
			isa = XCConfigurationList;
			buildConfigurations = (
				A3E359E52816EACE00D9780A /* Debug */,
				A3E359E62816EACE00D9780A /* Release */,
			);
			defaultConfigurationIsVisible = 0;
			defaultConfigurationName = Release;
		};
		A3E359E72816EACE00D9780A /* Build configuration list for PBXNativeTarget "vulkan_exploration" */ = {
			isa = XCConfigurationList;
			buildConfigurations = (
				A3E359E82816EACE00D9780A /* Debug */,
				A3E359E92816EACE00D9780A /* Release */,
			);
			defaultConfigurationIsVisible = 0;
			defaultConfigurationName = Release;
		};
/* End XCConfigurationList section */
	};
	rootObject = A3E359D82816EACE00D9780A /* Project object */;
}
